
Microsoft Visual Studio Solution File, Format Version 12.00
# Visual Studio 15
VisualStudioVersion = 15.0.27703.2042
MinimumVisualStudioVersion = 10.0.40219.1
Project("{9A19103F-16F7-4668-BE54-9A1E7A4F7556}") = "SimpleCDDatabaseConverter", "SimpleCDDatabaseConverter\SimpleCDDatabaseConverter.csproj", "{388AFE0F-90BE-4D10-B92A-BFEDA5B8F12E}"
EndProject
Global
	GlobalSection(SolutionConfigurationPlatforms) = preSolution
		Debug|Any CPU = Debug|Any CPU
		Release|Any CPU = Release|Any CPU
	EndGlobalSection
	GlobalSection(ProjectConfigurationPlatforms) = postSolution
		{388AFE0F-90BE-4D10-B92A-BFEDA5B8F12E}.Debug|Any CPU.ActiveCfg = Debug|Any CPU
		{388AFE0F-90BE-4D10-B92A-BFEDA5B8F12E}.Debug|Any CPU.Build.0 = Debug|Any CPU
		{388AFE0F-90BE-4D10-B92A-BFEDA5B8F12E}.Release|Any CPU.ActiveCfg = Release|Any CPU
		{388AFE0F-90BE-4D10-B92A-BFEDA5B8F12E}.Release|Any CPU.Build.0 = Release|Any CPU
	EndGlobalSection
	GlobalSection(SolutionProperties) = preSolution
		HideSolutionNode = FALSE
	EndGlobalSection
	GlobalSection(ExtensibilityGlobals) = postSolution
		SolutionGuid = {A971AE10-939D-44D8-992E-A725B2E5FABA}
	EndGlobalSection
EndGlobal
